
Microsoft Visual Studio Solution File, Format Version 12.00
# Visual Studio Version 16
VisualStudioVersion = 16.0.32106.194
MinimumVisualStudioVersion = 10.0.40219.1
Project("{FAE04EC0-301F-11D3-BF4B-00C04F79EFBC}") = "HelloWorld", "HelloWorld\HelloWorld.csproj", "{F38B5166-92F0-4894-BAA7-0CCF0E7DEC23}"
EndProject
Global
	GlobalSection(SolutionConfigurationPlatforms) = preSolution
		Debug|Any CPU = Debug|Any CPU
		Release|Any CPU = Release|Any CPU
	EndGlobalSection
	GlobalSection(ProjectConfigurationPlatforms) = postSolution
		{F38B5166-92F0-4894-BAA7-0CCF0E7DEC23}.Debug|Any CPU.ActiveCfg = Debug|Any CPU
		{F38B5166-92F0-4894-BAA7-0CCF0E7DEC23}.Debug|Any CPU.Build.0 = Debug|Any CPU
		{F38B5166-92F0-4894-BAA7-0CCF0E7DEC23}.Release|Any CPU.ActiveCfg = Release|Any CPU
		{F38B5166-92F0-4894-BAA7-0CCF0E7DEC23}.Release|Any CPU.Build.0 = Release|Any CPU
	EndGlobalSection
	GlobalSection(SolutionProperties) = preSolution
		HideSolutionNode = FALSE
	EndGlobalSection
	GlobalSection(ExtensibilityGlobals) = postSolution
		SolutionGuid = {C7AF126E-9D60-45EB-A247-C067C3C81146}
	EndGlobalSection
EndGlobal
